
Microsoft Visual Studio Solution File, Format Version 12.00
# Visual Studio 14
VisualStudioVersion = 14.0.25420.1
MinimumVisualStudioVersion = 10.0.40219.1
Project("{FAE04EC0-301F-11D3-BF4B-00C04F79EFBC}") = "Triangle1", "Triangle1\Triangle1.csproj", "{6746A1B0-4A41-409D-AA6E-C3E12A5DDE9A}"
EndProject
Project("{FAE04EC0-301F-11D3-BF4B-00C04F79EFBC}") = "Triangle1Tests1", "Triangle1Tests1\Triangle1Tests1.csproj", "{610B1847-8F73-43C7-B71C-880ACA7B5EA3}"
EndProject
Project("{FAE04EC0-301F-11D3-BF4B-00C04F79EFBC}") = "Triangle1Tests2", "Triangle1Tests2\Triangle1Tests2.csproj", "{882744ED-B33E-41C1-A05B-C7E308433EEC}"
EndProject
Project("{FAE04EC0-301F-11D3-BF4B-00C04F79EFBC}") = "Triangle1Tests3", "Triangle1Tests3\Triangle1Tests3.csproj", "{E173A5B3-D67D-4B1B-8B81-F3227D19EBD1}"
EndProject
Project("{FAE04EC0-301F-11D3-BF4B-00C04F79EFBC}") = "Triangle1Tests4", "Triangle1Tests4\Triangle1Tests4.csproj", "{77197D60-CA18-46AE-A22B-356A5DAE59DE}"
EndProject
Project("{FAE04EC0-301F-11D3-BF4B-00C04F79EFBC}") = "Triangle1Tests5", "Triangle1Tests5\Triangle1Tests5.csproj", "{5F04BC80-88A4-446B-B9A4-131B9D30E176}"
EndProject
Global
	GlobalSection(SolutionConfigurationPlatforms) = preSolution
		Debug|Any CPU = Debug|Any CPU
		Release|Any CPU = Release|Any CPU
	EndGlobalSection
	GlobalSection(ProjectConfigurationPlatforms) = postSolution
		{6746A1B0-4A41-409D-AA6E-C3E12A5DDE9A}.Debug|Any CPU.ActiveCfg = Debug|Any CPU
		{6746A1B0-4A41-409D-AA6E-C3E12A5DDE9A}.Debug|Any CPU.Build.0 = Debug|Any CPU
		{6746A1B0-4A41-409D-AA6E-C3E12A5DDE9A}.Release|Any CPU.ActiveCfg = Release|Any CPU
		{6746A1B0-4A41-409D-AA6E-C3E12A5DDE9A}.Release|Any CPU.Build.0 = Release|Any CPU
		{610B1847-8F73-43C7-B71C-880ACA7B5EA3}.Debug|Any CPU.ActiveCfg = Debug|Any CPU
		{610B1847-8F73-43C7-B71C-880ACA7B5EA3}.Debug|Any CPU.Build.0 = Debug|Any CPU
		{610B1847-8F73-43C7-B71C-880ACA7B5EA3}.Release|Any CPU.ActiveCfg = Release|Any CPU
		{610B1847-8F73-43C7-B71C-880ACA7B5EA3}.Release|Any CPU.Build.0 = Release|Any CPU
		{882744ED-B33E-41C1-A05B-C7E308433EEC}.Debug|Any CPU.ActiveCfg = Debug|Any CPU
		{882744ED-B33E-41C1-A05B-C7E308433EEC}.Debug|Any CPU.Build.0 = Debug|Any CPU
		{882744ED-B33E-41C1-A05B-C7E308433EEC}.Release|Any CPU.ActiveCfg = Release|Any CPU
		{882744ED-B33E-41C1-A05B-C7E308433EEC}.Release|Any CPU.Build.0 = Release|Any CPU
		{E173A5B3-D67D-4B1B-8B81-F3227D19EBD1}.Debug|Any CPU.ActiveCfg = Debug|Any CPU
		{E173A5B3-D67D-4B1B-8B81-F3227D19EBD1}.Debug|Any CPU.Build.0 = Debug|Any CPU
		{E173A5B3-D67D-4B1B-8B81-F3227D19EBD1}.Release|Any CPU.ActiveCfg = Release|Any CPU
		{E173A5B3-D67D-4B1B-8B81-F3227D19EBD1}.Release|Any CPU.Build.0 = Release|Any CPU
		{77197D60-CA18-46AE-A22B-356A5DAE59DE}.Debug|Any CPU.ActiveCfg = Debug|Any CPU
		{77197D60-CA18-46AE-A22B-356A5DAE59DE}.Debug|Any CPU.Build.0 = Debug|Any CPU
		{77197D60-CA18-46AE-A22B-356A5DAE59DE}.Release|Any CPU.ActiveCfg = Release|Any CPU
		{77197D60-CA18-46AE-A22B-356A5DAE59DE}.Release|Any CPU.Build.0 = Release|Any CPU
		{5F04BC80-88A4-446B-B9A4-131B9D30E176}.Debug|Any CPU.ActiveCfg = Debug|Any CPU
		{5F04BC80-88A4-446B-B9A4-131B9D30E176}.Debug|Any CPU.Build.0 = Debug|Any CPU
		{5F04BC80-88A4-446B-B9A4-131B9D30E176}.Release|Any CPU.ActiveCfg = Release|Any CPU
		{5F04BC80-88A4-446B-B9A4-131B9D30E176}.Release|Any CPU.Build.0 = Release|Any CPU
	EndGlobalSection
	GlobalSection(SolutionProperties) = preSolution
		HideSolutionNode = FALSE
	EndGlobalSection
EndGlobal
